
Microsoft Visual Studio Solution File, Format Version 12.00
# Visual Studio Version 16
VisualStudioVersion = 16.0.30114.105
MinimumVisualStudioVersion = 10.0.40219.1
Project("{FAE04EC0-301F-11D3-BF4B-00C04F79EFBC}") = "mc", "mc\mc.csproj", "{B8816666-0EA5-49A9-8C8C-CBF7D515218D}"
EndProject
Project("{FAE04EC0-301F-11D3-BF4B-00C04F79EFBC}") = "Minsk", "Minsk\Minsk.csproj", "{E91FB314-0438-46C6-9014-06276683FF48}"
EndProject
Project("{FAE04EC0-301F-11D3-BF4B-00C04F79EFBC}") = "Minsk.Tests", "Minsk.Tests\Minsk.Tests.csproj", "{8A527CB7-AACC-4327-8BC0-7C0FC270A7AC}"
EndProject
Global
	GlobalSection(SolutionConfigurationPlatforms) = preSolution
		Debug|Any CPU = Debug|Any CPU
		Release|Any CPU = Release|Any CPU
	EndGlobalSection
	GlobalSection(SolutionProperties) = preSolution
		HideSolutionNode = FALSE
	EndGlobalSection
	GlobalSection(ProjectConfigurationPlatforms) = postSolution
		{B8816666-0EA5-49A9-8C8C-CBF7D515218D}.Debug|Any CPU.ActiveCfg = Debug|Any CPU
		{B8816666-0EA5-49A9-8C8C-CBF7D515218D}.Debug|Any CPU.Build.0 = Debug|Any CPU
		{B8816666-0EA5-49A9-8C8C-CBF7D515218D}.Release|Any CPU.ActiveCfg = Release|Any CPU
		{B8816666-0EA5-49A9-8C8C-CBF7D515218D}.Release|Any CPU.Build.0 = Release|Any CPU
		{E91FB314-0438-46C6-9014-06276683FF48}.Debug|Any CPU.ActiveCfg = Debug|Any CPU
		{E91FB314-0438-46C6-9014-06276683FF48}.Debug|Any CPU.Build.0 = Debug|Any CPU
		{E91FB314-0438-46C6-9014-06276683FF48}.Release|Any CPU.ActiveCfg = Release|Any CPU
		{E91FB314-0438-46C6-9014-06276683FF48}.Release|Any CPU.Build.0 = Release|Any CPU
		{8A527CB7-AACC-4327-8BC0-7C0FC270A7AC}.Debug|Any CPU.ActiveCfg = Debug|Any CPU
		{8A527CB7-AACC-4327-8BC0-7C0FC270A7AC}.Debug|Any CPU.Build.0 = Debug|Any CPU
		{8A527CB7-AACC-4327-8BC0-7C0FC270A7AC}.Release|Any CPU.ActiveCfg = Release|Any CPU
		{8A527CB7-AACC-4327-8BC0-7C0FC270A7AC}.Release|Any CPU.Build.0 = Release|Any CPU
	EndGlobalSection
EndGlobal
